
Microsoft Visual Studio Solution File, Format Version 12.00
# Visual Studio 15
VisualStudioVersion = 15.0.27130.2036
MinimumVisualStudioVersion = 10.0.40219.1
Project("{FAE04EC0-301F-11D3-BF4B-00C04F79EFBC}") = "Prototype", "Prototype\Prototype.csproj", "{2A548BBD-435A-46C9-ACAD-93F30CB4E9CC}"
EndProject
Global
	GlobalSection(SolutionConfigurationPlatforms) = preSolution
		Debug|Any CPU = Debug|Any CPU
		Release|Any CPU = Release|Any CPU
	EndGlobalSection
	GlobalSection(ProjectConfigurationPlatforms) = postSolution
		{2A548BBD-435A-46C9-ACAD-93F30CB4E9CC}.Debug|Any CPU.ActiveCfg = Debug|Any CPU
		{2A548BBD-435A-46C9-ACAD-93F30CB4E9CC}.Debug|Any CPU.Build.0 = Debug|Any CPU
		{2A548BBD-435A-46C9-ACAD-93F30CB4E9CC}.Release|Any CPU.ActiveCfg = Release|Any CPU
		{2A548BBD-435A-46C9-ACAD-93F30CB4E9CC}.Release|Any CPU.Build.0 = Release|Any CPU
	EndGlobalSection
	GlobalSection(SolutionProperties) = preSolution
		HideSolutionNode = FALSE
	EndGlobalSection
	GlobalSection(ExtensibilityGlobals) = postSolution
		SolutionGuid = {E50691A9-E514-40AF-8DEF-1B314C6A07C3}
	EndGlobalSection
EndGlobal
